
Microsoft Visual Studio Solution File, Format Version 12.00
# Visual Studio 2012
Project("{FAE04EC0-301F-11D3-BF4B-00C04F79EFBC}") = "SharefileCCPLib", "SharefileCCPLib\SharefileCCPLib.csproj", "{DC5981E2-2CC2-4B66-AAB5-3816AE037E6A}"
EndProject
Project("{FAE04EC0-301F-11D3-BF4B-00C04F79EFBC}") = "MainForm", "..\GUI\MainForm\MainForm.csproj", "{57C181B1-9B7B-4D72-819D-A925EC8BC2B6}"
EndProject
Global
	GlobalSection(SolutionConfigurationPlatforms) = preSolution
		Debug|Any CPU = Debug|Any CPU
		Release|Any CPU = Release|Any CPU
	EndGlobalSection
	GlobalSection(ProjectConfigurationPlatforms) = postSolution
		{DC5981E2-2CC2-4B66-AAB5-3816AE037E6A}.Debug|Any CPU.ActiveCfg = Debug|Any CPU
		{DC5981E2-2CC2-4B66-AAB5-3816AE037E6A}.Debug|Any CPU.Build.0 = Debug|Any CPU
		{DC5981E2-2CC2-4B66-AAB5-3816AE037E6A}.Release|Any CPU.ActiveCfg = Release|Any CPU
		{DC5981E2-2CC2-4B66-AAB5-3816AE037E6A}.Release|Any CPU.Build.0 = Release|Any CPU
		{57C181B1-9B7B-4D72-819D-A925EC8BC2B6}.Debug|Any CPU.ActiveCfg = Debug|Any CPU
		{57C181B1-9B7B-4D72-819D-A925EC8BC2B6}.Debug|Any CPU.Build.0 = Debug|Any CPU
		{57C181B1-9B7B-4D72-819D-A925EC8BC2B6}.Release|Any CPU.ActiveCfg = Release|Any CPU
		{57C181B1-9B7B-4D72-819D-A925EC8BC2B6}.Release|Any CPU.Build.0 = Release|Any CPU
	EndGlobalSection
	GlobalSection(SolutionProperties) = preSolution
		HideSolutionNode = FALSE
	EndGlobalSection
EndGlobal
